
Microsoft Visual Studio Solution File, Format Version 12.00
# Visual Studio Version 17
VisualStudioVersion = 17.0.31903.59
MinimumVisualStudioVersion = 10.0.40219.1
Project("{2150E333-8FDC-42A3-9474-1A3956D46DE8}") = "src", "src", "{827E0CD3-B72D-47B6-A68D-7590B98EB39B}"
EndProject
Project("{2150E333-8FDC-42A3-9474-1A3956D46DE8}") = "BuildingBlocks", "BuildingBlocks", "{90298CBA-BD6F-3A0A-69D5-97CAD7B05E7E}"
EndProject
Project("{FAE04EC0-301F-11D3-BF4B-00C04F79EFBC}") = "BuildingBlocks.Core", "src\BuildingBlocks\BuildingBlocks.Core\BuildingBlocks.Core.csproj", "{CE252467-4778-4616-9432-2C75EC74BBAA}"
EndProject
Project("{FAE04EC0-301F-11D3-BF4B-00C04F79EFBC}") = "BuildingBlocks.Web", "src\BuildingBlocks\BuildingBlocks.Web\BuildingBlocks.Web.csproj", "{EF8E2EFE-F3D7-4886-B436-E3BDE12AC960}"
EndProject
Project("{2150E333-8FDC-42A3-9474-1A3956D46DE8}") = "Services", "Services", "{984BB9B3-3FA3-BE33-9484-CAC21695A33C}"
EndProject
Project("{2150E333-8FDC-42A3-9474-1A3956D46DE8}") = "Product", "Product", "{374CED38-7421-B0F7-DFE2-3AF3B9F49E7C}"
EndProject
Project("{FAE04EC0-301F-11D3-BF4B-00C04F79EFBC}") = "ProductApi.Domain", "src\Services\Product\ProductApi.Domain\ProductApi.Domain.csproj", "{1B881C67-EC9D-48EC-99C2-EBE355D7FF18}"
EndProject
Project("{FAE04EC0-301F-11D3-BF4B-00C04F79EFBC}") = "ProductApi.Application", "src\Services\Product\ProductApi.Application\ProductApi.Application.csproj", "{4789E1F6-A3AB-486F-A6C5-48E3ADE4E517}"
EndProject
Project("{FAE04EC0-301F-11D3-BF4B-00C04F79EFBC}") = "ProductApi.Infrastructure", "src\Services\Product\ProductApi.Infrastructure\ProductApi.Infrastructure.csproj", "{9347E8EC-791C-4048-84A8-D00FCDBC0955}"
EndProject
Project("{FAE04EC0-301F-11D3-BF4B-00C04F79EFBC}") = "ProductApi.Presentation", "src\Services\Product\ProductApi.Presentation\ProductApi.Presentation.csproj", "{3C7FD4F7-4EA4-4109-8216-C8015758C415}"
EndProject
Global
	GlobalSection(SolutionConfigurationPlatforms) = preSolution
		Debug|Any CPU = Debug|Any CPU
		Debug|x64 = Debug|x64
		Debug|x86 = Debug|x86
		Release|Any CPU = Release|Any CPU
		Release|x64 = Release|x64
		Release|x86 = Release|x86
	EndGlobalSection
	GlobalSection(ProjectConfigurationPlatforms) = postSolution
		{CE252467-4778-4616-9432-2C75EC74BBAA}.Debug|Any CPU.ActiveCfg = Debug|Any CPU
		{CE252467-4778-4616-9432-2C75EC74BBAA}.Debug|Any CPU.Build.0 = Debug|Any CPU
		{CE252467-4778-4616-9432-2C75EC74BBAA}.Debug|x64.ActiveCfg = Debug|Any CPU
		{CE252467-4778-4616-9432-2C75EC74BBAA}.Debug|x64.Build.0 = Debug|Any CPU
		{CE252467-4778-4616-9432-2C75EC74BBAA}.Debug|x86.ActiveCfg = Debug|Any CPU
		{CE252467-4778-4616-9432-2C75EC74BBAA}.Debug|x86.Build.0 = Debug|Any CPU
		{CE252467-4778-4616-9432-2C75EC74BBAA}.Release|Any CPU.ActiveCfg = Release|Any CPU
		{CE252467-4778-4616-9432-2C75EC74BBAA}.Release|Any CPU.Build.0 = Release|Any CPU
		{CE252467-4778-4616-9432-2C75EC74BBAA}.Release|x64.ActiveCfg = Release|Any CPU
		{CE252467-4778-4616-9432-2C75EC74BBAA}.Release|x64.Build.0 = Release|Any CPU
		{CE252467-4778-4616-9432-2C75EC74BBAA}.Release|x86.ActiveCfg = Release|Any CPU
		{CE252467-4778-4616-9432-2C75EC74BBAA}.Release|x86.Build.0 = Release|Any CPU
		{EF8E2EFE-F3D7-4886-B436-E3BDE12AC960}.Debug|Any CPU.ActiveCfg = Debug|Any CPU
		{EF8E2EFE-F3D7-4886-B436-E3BDE12AC960}.Debug|Any CPU.Build.0 = Debug|Any CPU
		{EF8E2EFE-F3D7-4886-B436-E3BDE12AC960}.Debug|x64.ActiveCfg = Debug|Any CPU
		{EF8E2EFE-F3D7-4886-B436-E3BDE12AC960}.Debug|x64.Build.0 = Debug|Any CPU
		{EF8E2EFE-F3D7-4886-B436-E3BDE12AC960}.Debug|x86.ActiveCfg = Debug|Any CPU
		{EF8E2EFE-F3D7-4886-B436-E3BDE12AC960}.Debug|x86.Build.0 = Debug|Any CPU
		{EF8E2EFE-F3D7-4886-B436-E3BDE12AC960}.Release|Any CPU.ActiveCfg = Release|Any CPU
		{EF8E2EFE-F3D7-4886-B436-E3BDE12AC960}.Release|Any CPU.Build.0 = Release|Any CPU
		{EF8E2EFE-F3D7-4886-B436-E3BDE12AC960}.Release|x64.ActiveCfg = Release|Any CPU
		{EF8E2EFE-F3D7-4886-B436-E3BDE12AC960}.Release|x64.Build.0 = Release|Any CPU
		{EF8E2EFE-F3D7-4886-B436-E3BDE12AC960}.Release|x86.ActiveCfg = Release|Any CPU
		{EF8E2EFE-F3D7-4886-B436-E3BDE12AC960}.Release|x86.Build.0 = Release|Any CPU
		{1B881C67-EC9D-48EC-99C2-EBE355D7FF18}.Debug|Any CPU.ActiveCfg = Debug|Any CPU
		{1B881C67-EC9D-48EC-99C2-EBE355D7FF18}.Debug|Any CPU.Build.0 = Debug|Any CPU
		{1B881C67-EC9D-48EC-99C2-EBE355D7FF18}.Debug|x64.ActiveCfg = Debug|Any CPU
		{1B881C67-EC9D-48EC-99C2-EBE355D7FF18}.Debug|x64.Build.0 = Debug|Any CPU
		{1B881C67-EC9D-48EC-99C2-EBE355D7FF18}.Debug|x86.ActiveCfg = Debug|Any CPU
		{1B881C67-EC9D-48EC-99C2-EBE355D7FF18}.Debug|x86.Build.0 = Debug|Any CPU
		{1B881C67-EC9D-48EC-99C2-EBE355D7FF18}.Release|Any CPU.ActiveCfg = Release|Any CPU
		{1B881C67-EC9D-48EC-99C2-EBE355D7FF18}.Release|Any CPU.Build.0 = Release|Any CPU
		{1B881C67-EC9D-48EC-99C2-EBE355D7FF18}.Release|x64.ActiveCfg = Release|Any CPU
		{1B881C67-EC9D-48EC-99C2-EBE355D7FF18}.Release|x64.Build.0 = Release|Any CPU
		{1B881C67-EC9D-48EC-99C2-EBE355D7FF18}.Release|x86.ActiveCfg = Release|Any CPU
		{1B881C67-EC9D-48EC-99C2-EBE355D7FF18}.Release|x86.Build.0 = Release|Any CPU
		{4789E1F6-A3AB-486F-A6C5-48E3ADE4E517}.Debug|Any CPU.ActiveCfg = Debug|Any CPU
		{4789E1F6-A3AB-486F-A6C5-48E3ADE4E517}.Debug|Any CPU.Build.0 = Debug|Any CPU
		{4789E1F6-A3AB-486F-A6C5-48E3ADE4E517}.Debug|x64.ActiveCfg = Debug|Any CPU
		{4789E1F6-A3AB-486F-A6C5-48E3ADE4E517}.Debug|x64.Build.0 = Debug|Any CPU
		{4789E1F6-A3AB-486F-A6C5-48E3ADE4E517}.Debug|x86.ActiveCfg = Debug|Any CPU
		{4789E1F6-A3AB-486F-A6C5-48E3ADE4E517}.Debug|x86.Build.0 = Debug|Any CPU
		{4789E1F6-A3AB-486F-A6C5-48E3ADE4E517}.Release|Any CPU.ActiveCfg = Release|Any CPU
		{4789E1F6-A3AB-486F-A6C5-48E3ADE4E517}.Release|Any CPU.Build.0 = Release|Any CPU
		{4789E1F6-A3AB-486F-A6C5-48E3ADE4E517}.Release|x64.ActiveCfg = Release|Any CPU
		{4789E1F6-A3AB-486F-A6C5-48E3ADE4E517}.Release|x64.Build.0 = Release|Any CPU
		{4789E1F6-A3AB-486F-A6C5-48E3ADE4E517}.Release|x86.ActiveCfg = Release|Any CPU
		{4789E1F6-A3AB-486F-A6C5-48E3ADE4E517}.Release|x86.Build.0 = Release|Any CPU
		{9347E8EC-791C-4048-84A8-D00FCDBC0955}.Debug|Any CPU.ActiveCfg = Debug|Any CPU
		{9347E8EC-791C-4048-84A8-D00FCDBC0955}.Debug|Any CPU.Build.0 = Debug|Any CPU
		{9347E8EC-791C-4048-84A8-D00FCDBC0955}.Debug|x64.ActiveCfg = Debug|Any CPU
		{9347E8EC-791C-4048-84A8-D00FCDBC0955}.Debug|x64.Build.0 = Debug|Any CPU
		{9347E8EC-791C-4048-84A8-D00FCDBC0955}.Debug|x86.ActiveCfg = Debug|Any CPU
		{9347E8EC-791C-4048-84A8-D00FCDBC0955}.Debug|x86.Build.0 = Debug|Any CPU
		{9347E8EC-791C-4048-84A8-D00FCDBC0955}.Release|Any CPU.ActiveCfg = Release|Any CPU
		{9347E8EC-791C-4048-84A8-D00FCDBC0955}.Release|Any CPU.Build.0 = Release|Any CPU
		{9347E8EC-791C-4048-84A8-D00FCDBC0955}.Release|x64.ActiveCfg = Release|Any CPU
		{9347E8EC-791C-4048-84A8-D00FCDBC0955}.Release|x64.Build.0 = Release|Any CPU
		{9347E8EC-791C-4048-84A8-D00FCDBC0955}.Release|x86.ActiveCfg = Release|Any CPU
		{9347E8EC-791C-4048-84A8-D00FCDBC0955}.Release|x86.Build.0 = Release|Any CPU
		{3C7FD4F7-4EA4-4109-8216-C8015758C415}.Debug|Any CPU.ActiveCfg = Debug|Any CPU
		{3C7FD4F7-4EA4-4109-8216-C8015758C415}.Debug|Any CPU.Build.0 = Debug|Any CPU
		{3C7FD4F7-4EA4-4109-8216-C8015758C415}.Debug|x64.ActiveCfg = Debug|Any CPU
		{3C7FD4F7-4EA4-4109-8216-C8015758C415}.Debug|x64.Build.0 = Debug|Any CPU
		{3C7FD4F7-4EA4-4109-8216-C8015758C415}.Debug|x86.ActiveCfg = Debug|Any CPU
		{3C7FD4F7-4EA4-4109-8216-C8015758C415}.Debug|x86.Build.0 = Debug|Any CPU
		{3C7FD4F7-4EA4-4109-8216-C8015758C415}.Release|Any CPU.ActiveCfg = Release|Any CPU
		{3C7FD4F7-4EA4-4109-8216-C8015758C415}.Release|Any CPU.Build.0 = Release|Any CPU
		{3C7FD4F7-4EA4-4109-8216-C8015758C415}.Release|x64.ActiveCfg = Release|Any CPU
		{3C7FD4F7-4EA4-4109-8216-C8015758C415}.Release|x64.Build.0 = Release|Any CPU
		{3C7FD4F7-4EA4-4109-8216-C8015758C415}.Release|x86.ActiveCfg = Release|Any CPU
		{3C7FD4F7-4EA4-4109-8216-C8015758C415}.Release|x86.Build.0 = Release|Any CPU
	EndGlobalSection
	GlobalSection(SolutionProperties) = preSolution
		HideSolutionNode = FALSE
	EndGlobalSection
	GlobalSection(NestedProjects) = preSolution
		{90298CBA-BD6F-3A0A-69D5-97CAD7B05E7E} = {827E0CD3-B72D-47B6-A68D-7590B98EB39B}
		{CE252467-4778-4616-9432-2C75EC74BBAA} = {90298CBA-BD6F-3A0A-69D5-97CAD7B05E7E}
		{EF8E2EFE-F3D7-4886-B436-E3BDE12AC960} = {90298CBA-BD6F-3A0A-69D5-97CAD7B05E7E}
		{984BB9B3-3FA3-BE33-9484-CAC21695A33C} = {827E0CD3-B72D-47B6-A68D-7590B98EB39B}
		{374CED38-7421-B0F7-DFE2-3AF3B9F49E7C} = {984BB9B3-3FA3-BE33-9484-CAC21695A33C}
		{1B881C67-EC9D-48EC-99C2-EBE355D7FF18} = {374CED38-7421-B0F7-DFE2-3AF3B9F49E7C}
		{4789E1F6-A3AB-486F-A6C5-48E3ADE4E517} = {374CED38-7421-B0F7-DFE2-3AF3B9F49E7C}
		{9347E8EC-791C-4048-84A8-D00FCDBC0955} = {374CED38-7421-B0F7-DFE2-3AF3B9F49E7C}
		{3C7FD4F7-4EA4-4109-8216-C8015758C415} = {374CED38-7421-B0F7-DFE2-3AF3B9F49E7C}
	EndGlobalSection
	GlobalSection(ExtensibilityGlobals) = postSolution
		SolutionGuid = {D0F28EA1-EBC1-470D-B08C-1570315A7BD6}
	EndGlobalSection
EndGlobal
